{
    "_readme": [
        "This file locks the dependencies of your project to a known state",
        "Read more about it at https://getcomposer.org/doc/01-basic-usage.md#installing-dependencies",
        "This file is @generated automatically"
    ],
    "content-hash": "920472fd21314487b4894117dca2067a",
    "packages": [
        {
            "name": "workerman/gateway-worker",
            "version": "v3.0.21",
            "source": {
                "type": "git",
                "url": "https://github.com/walkor/GatewayWorker.git",
                "reference": "2a27f8537cfce725c17d48a9b5ead21ca4f2e10c"
            },
            "dist": {
                "type": "zip",
                "url": "https://api.github.com/repos/walkor/GatewayWorker/zipball/2a27f8537cfce725c17d48a9b5ead21ca4f2e10c",
                "reference": "2a27f8537cfce725c17d48a9b5ead21ca4f2e10c",
                "shasum": ""
            },
            "require": {
                "workerman/workerman": ">=3.5.0"
            },
            "type": "library",
            "autoload": {
                "psr-4": {
                    "GatewayWorker\\": "./src"
                }
            },
            "notification-url": "https://packagist.org/downloads/",
            "license": [
                "MIT"
            ],
            "homepage": "http://www.workerman.net",
            "keywords": [
                "communication",
                "distributed"
            ],
            "support": {
                "issues": "https://github.com/walkor/GatewayWorker/issues",
                "source": "https://github.com/walkor/GatewayWorker/tree/v3.0.21"
            },
            "time": "2021-12-08T02:52:16+00:00"
        },
        {
            "name": "workerman/workerman",
            "version": "v4.0.26",
            "source": {
                "type": "git",
                "url": "https://github.com/walkor/workerman.git",
                "reference": "27573e9f985f9ec0665b1f9924308d359bd0fdaa"
            },
            "dist": {
                "type": "zip",
                "url": "https://api.github.com/repos/walkor/workerman/zipball/27573e9f985f9ec0665b1f9924308d359bd0fdaa",
                "reference": "27573e9f985f9ec0665b1f9924308d359bd0fdaa",
                "shasum": ""
            },
            "require": {
                "php": ">=5.3"
            },
            "suggest": {
                "ext-event": "For better performance. "
            },
            "type": "library",
            "autoload": {
                "psr-4": {
                    "Workerman\\": "./"
                }
            },
            "notification-url": "https://packagist.org/downloads/",
            "license": [
                "MIT"
            ],
            "authors": [
                {
                    "name": "walkor",
                    "email": "walkor@workerman.net",
                    "homepage": "http://www.workerman.net",
                    "role": "Developer"
                }
            ],
            "description": "An asynchronous event driven PHP framework for easily building fast, scalable network applications.",
            "homepage": "http://www.workerman.net",
            "keywords": [
                "asynchronous",
                "event-loop"
            ],
            "support": {
                "email": "walkor@workerman.net",
                "forum": "http://wenda.workerman.net/",
                "issues": "https://github.com/walkor/workerman/issues",
                "source": "https://github.com/walkor/workerman",
                "wiki": "http://doc.workerman.net/"
            },
            "funding": [
                {
                    "url": "https://opencollective.com/walkor",
                    "type": "open_collective"
                },
                {
                    "url": "https://www.patreon.com/walkor",
                    "type": "patreon"
                }
            ],
            "time": "2021-12-21T03:39:14+00:00"
        }
    ],
    "packages-dev": [],
    "aliases": [],
    "minimum-stability": "stable",
    "stability-flags": [],
    "prefer-stable": false,
    "prefer-lowest": false,
    "platform": [],
    "platform-dev": [],
    "plugin-api-version": "2.0.0"
}
